
Microsoft Visual Studio Solution File, Format Version 12.00
# Visual Studio 14
VisualStudioVersion = 14.0.24720.0
MinimumVisualStudioVersion = 10.0.40219.1
Project("{FAE04EC0-301F-11D3-BF4B-00C04F79EFBC}") = "WCF_Laboration_02", "WCF_Laboration_02\WCF_Laboration_02.csproj", "{45D70A57-6566-4A7B-959F-D09DB4F40006}"
EndProject
Project("{2150E333-8FDC-42A3-9474-1A3956D46DE8}") = "CalculateBMI", "CalculateBMI", "{7330C2E1-97F5-4CF9-B753-8D1FAFF90CDC}"
EndProject
Project("{2150E333-8FDC-42A3-9474-1A3956D46DE8}") = "CalculateAge", "CalculateAge", "{10F7DE54-17A3-4F64-B168-AC3521EDEA1F}"
EndProject
Project("{2150E333-8FDC-42A3-9474-1A3956D46DE8}") = "Calculate1000Days", "Calculate1000Days", "{D7E62EF7-0377-4388-AFAE-C36DF59FFE1F}"
EndProject
Project("{2150E333-8FDC-42A3-9474-1A3956D46DE8}") = "CalculateHobby", "CalculateHobby", "{2F624AD4-0284-41D7-AD38-7B3EEE475470}"
EndProject
Project("{FAE04EC0-301F-11D3-BF4B-00C04F79EFBC}") = "ClassLibraryCalculateBMI", "ClassLibraryCalculateBMI\ClassLibraryCalculateBMI.csproj", "{6430479D-9DB8-4B20-91CF-D0D625393C83}"
EndProject
Project("{FAE04EC0-301F-11D3-BF4B-00C04F79EFBC}") = "CalculateAgeLibrary", "CalculateAgeLibrary\CalculateAgeLibrary.csproj", "{FC09E72C-83BD-4893-A066-E39CDA1E698F}"
EndProject
Project("{FAE04EC0-301F-11D3-BF4B-00C04F79EFBC}") = "CalculateAgeProgram", "CalculateAgeProgram\CalculateAgeProgram.csproj", "{67F2BB1B-C7FF-49A4-9E65-07B30900D99C}"
EndProject
Project("{FAE04EC0-301F-11D3-BF4B-00C04F79EFBC}") = "Calculate100DaysLibrary", "Calculate100DaysLibrary\Calculate100DaysLibrary.csproj", "{4DFC539B-0D3D-415E-906E-26E274E3D254}"
EndProject
Project("{FAE04EC0-301F-11D3-BF4B-00C04F79EFBC}") = "Calculate1000DaysService", "Calculate1000DaysService\Calculate1000DaysService.csproj", "{DB1C852E-79B3-4BBD-93CC-78EF41FF3692}"
EndProject
Project("{FAE04EC0-301F-11D3-BF4B-00C04F79EFBC}") = "ClassLibraryHobby", "ClassLibraryHobby\ClassLibraryHobby.csproj", "{000255B3-06FC-4ECF-B117-6C2026B97FD7}"
EndProject
Project("{FAE04EC0-301F-11D3-BF4B-00C04F79EFBC}") = "CalculateHobbyService", "CalculateHobbyService\CalculateHobbyService.csproj", "{ED91F4C5-ADFD-4CC7-85FF-C720A049A2B5}"
EndProject
Global
	GlobalSection(SolutionConfigurationPlatforms) = preSolution
		Debug|Any CPU = Debug|Any CPU
		Release|Any CPU = Release|Any CPU
	EndGlobalSection
	GlobalSection(ProjectConfigurationPlatforms) = postSolution
		{45D70A57-6566-4A7B-959F-D09DB4F40006}.Debug|Any CPU.ActiveCfg = Debug|Any CPU
		{45D70A57-6566-4A7B-959F-D09DB4F40006}.Debug|Any CPU.Build.0 = Debug|Any CPU
		{45D70A57-6566-4A7B-959F-D09DB4F40006}.Release|Any CPU.ActiveCfg = Release|Any CPU
		{45D70A57-6566-4A7B-959F-D09DB4F40006}.Release|Any CPU.Build.0 = Release|Any CPU
		{6430479D-9DB8-4B20-91CF-D0D625393C83}.Debug|Any CPU.ActiveCfg = Debug|Any CPU
		{6430479D-9DB8-4B20-91CF-D0D625393C83}.Debug|Any CPU.Build.0 = Debug|Any CPU
		{6430479D-9DB8-4B20-91CF-D0D625393C83}.Release|Any CPU.ActiveCfg = Release|Any CPU
		{6430479D-9DB8-4B20-91CF-D0D625393C83}.Release|Any CPU.Build.0 = Release|Any CPU
		{FC09E72C-83BD-4893-A066-E39CDA1E698F}.Debug|Any CPU.ActiveCfg = Debug|Any CPU
		{FC09E72C-83BD-4893-A066-E39CDA1E698F}.Debug|Any CPU.Build.0 = Debug|Any CPU
		{FC09E72C-83BD-4893-A066-E39CDA1E698F}.Release|Any CPU.ActiveCfg = Release|Any CPU
		{FC09E72C-83BD-4893-A066-E39CDA1E698F}.Release|Any CPU.Build.0 = Release|Any CPU
		{67F2BB1B-C7FF-49A4-9E65-07B30900D99C}.Debug|Any CPU.ActiveCfg = Debug|Any CPU
		{67F2BB1B-C7FF-49A4-9E65-07B30900D99C}.Debug|Any CPU.Build.0 = Debug|Any CPU
		{67F2BB1B-C7FF-49A4-9E65-07B30900D99C}.Release|Any CPU.ActiveCfg = Release|Any CPU
		{67F2BB1B-C7FF-49A4-9E65-07B30900D99C}.Release|Any CPU.Build.0 = Release|Any CPU
		{4DFC539B-0D3D-415E-906E-26E274E3D254}.Debug|Any CPU.ActiveCfg = Debug|Any CPU
		{4DFC539B-0D3D-415E-906E-26E274E3D254}.Debug|Any CPU.Build.0 = Debug|Any CPU
		{4DFC539B-0D3D-415E-906E-26E274E3D254}.Release|Any CPU.ActiveCfg = Release|Any CPU
		{4DFC539B-0D3D-415E-906E-26E274E3D254}.Release|Any CPU.Build.0 = Release|Any CPU
		{DB1C852E-79B3-4BBD-93CC-78EF41FF3692}.Debug|Any CPU.ActiveCfg = Debug|Any CPU
		{DB1C852E-79B3-4BBD-93CC-78EF41FF3692}.Debug|Any CPU.Build.0 = Debug|Any CPU
		{DB1C852E-79B3-4BBD-93CC-78EF41FF3692}.Release|Any CPU.ActiveCfg = Release|Any CPU
		{DB1C852E-79B3-4BBD-93CC-78EF41FF3692}.Release|Any CPU.Build.0 = Release|Any CPU
		{000255B3-06FC-4ECF-B117-6C2026B97FD7}.Debug|Any CPU.ActiveCfg = Debug|Any CPU
		{000255B3-06FC-4ECF-B117-6C2026B97FD7}.Debug|Any CPU.Build.0 = Debug|Any CPU
		{000255B3-06FC-4ECF-B117-6C2026B97FD7}.Release|Any CPU.ActiveCfg = Release|Any CPU
		{000255B3-06FC-4ECF-B117-6C2026B97FD7}.Release|Any CPU.Build.0 = Release|Any CPU
		{ED91F4C5-ADFD-4CC7-85FF-C720A049A2B5}.Debug|Any CPU.ActiveCfg = Debug|Any CPU
		{ED91F4C5-ADFD-4CC7-85FF-C720A049A2B5}.Debug|Any CPU.Build.0 = Debug|Any CPU
		{ED91F4C5-ADFD-4CC7-85FF-C720A049A2B5}.Release|Any CPU.ActiveCfg = Release|Any CPU
		{ED91F4C5-ADFD-4CC7-85FF-C720A049A2B5}.Release|Any CPU.Build.0 = Release|Any CPU
	EndGlobalSection
	GlobalSection(SolutionProperties) = preSolution
		HideSolutionNode = FALSE
	EndGlobalSection
	GlobalSection(NestedProjects) = preSolution
		{45D70A57-6566-4A7B-959F-D09DB4F40006} = {7330C2E1-97F5-4CF9-B753-8D1FAFF90CDC}
		{6430479D-9DB8-4B20-91CF-D0D625393C83} = {7330C2E1-97F5-4CF9-B753-8D1FAFF90CDC}
		{FC09E72C-83BD-4893-A066-E39CDA1E698F} = {10F7DE54-17A3-4F64-B168-AC3521EDEA1F}
		{67F2BB1B-C7FF-49A4-9E65-07B30900D99C} = {10F7DE54-17A3-4F64-B168-AC3521EDEA1F}
		{4DFC539B-0D3D-415E-906E-26E274E3D254} = {D7E62EF7-0377-4388-AFAE-C36DF59FFE1F}
		{DB1C852E-79B3-4BBD-93CC-78EF41FF3692} = {D7E62EF7-0377-4388-AFAE-C36DF59FFE1F}
		{000255B3-06FC-4ECF-B117-6C2026B97FD7} = {2F624AD4-0284-41D7-AD38-7B3EEE475470}
		{ED91F4C5-ADFD-4CC7-85FF-C720A049A2B5} = {2F624AD4-0284-41D7-AD38-7B3EEE475470}
	EndGlobalSection
EndGlobal
